
Microsoft Visual Studio Solution File, Format Version 12.00
# Visual Studio Version 17
VisualStudioVersion = 17.5.2.0
MinimumVisualStudioVersion = 10.0.40219.1
Project("{FAE04EC0-301F-11D3-BF4B-00C04F79EFBC}") = "TP Serialisation - Gestions d'une liste de jeux vidéo", "TP Serialisation - Gestions d'une liste de jeux vidéo.csproj", "{AF0B4476-1F3F-450A-2A03-DFB8D586424C}"
EndProject
Global
	GlobalSection(SolutionConfigurationPlatforms) = preSolution
		Debug|Any CPU = Debug|Any CPU
		Release|Any CPU = Release|Any CPU
	EndGlobalSection
	GlobalSection(ProjectConfigurationPlatforms) = postSolution
		{AF0B4476-1F3F-450A-2A03-DFB8D586424C}.Debug|Any CPU.ActiveCfg = Debug|Any CPU
		{AF0B4476-1F3F-450A-2A03-DFB8D586424C}.Debug|Any CPU.Build.0 = Debug|Any CPU
		{AF0B4476-1F3F-450A-2A03-DFB8D586424C}.Release|Any CPU.ActiveCfg = Release|Any CPU
		{AF0B4476-1F3F-450A-2A03-DFB8D586424C}.Release|Any CPU.Build.0 = Release|Any CPU
	EndGlobalSection
	GlobalSection(SolutionProperties) = preSolution
		HideSolutionNode = FALSE
	EndGlobalSection
	GlobalSection(ExtensibilityGlobals) = postSolution
		SolutionGuid = {42F7523C-8C3E-4FF4-B090-EC2293EC1D1A}
	EndGlobalSection
EndGlobal
